// !$*UTF8*$!
{
	archiveVersion = 1;
	classes = {
	};
	objectVersion = 55;
	objects = {

/* Begin PBXBuildFile section */
		FF23ACB42757D20100E3794D /* QuickStatusView.swift in Sources */ = {isa = PBXBuildFile; fileRef = FF23ACB32757D20100E3794D /* QuickStatusView.swift */; };
		FF23ACB62758100C00E3794D /* MinersListView.swift in Sources */ = {isa = PBXBuildFile; fileRef = FF23ACB52758100C00E3794D /* MinersListView.swift */; };
		FF23ACB82759287E00E3794D /* UserDataModel.swift in Sources */ = {isa = PBXBuildFile; fileRef = FF23ACB72759287E00E3794D /* UserDataModel.swift */; };
		FF23ACBD275A5BFC00E3794D /* DucoPriceModel.swift in Sources */ = {isa = PBXBuildFile; fileRef = FF23ACBC275A5BFC00E3794D /* DucoPriceModel.swift */; };
		FF23ACC1275A850900E3794D /* DoubleRounder.swift in Sources */ = {isa = PBXBuildFile; fileRef = FF23ACC0275A850900E3794D /* DoubleRounder.swift */; };
		FF2E7B7B2754334A007A7A91 /* TopLogoView.swift in Sources */ = {isa = PBXBuildFile; fileRef = FF2E7B7A2754334A007A7A91 /* TopLogoView.swift */; };
		FF2E7B7D27543754007A7A91 /* LoginTextView.swift in Sources */ = {isa = PBXBuildFile; fileRef = FF2E7B7C27543754007A7A91 /* LoginTextView.swift */; };
		FF2E7B7F27544088007A7A91 /* CredentialView.swift in Sources */ = {isa = PBXBuildFile; fileRef = FF2E7B7E27544088007A7A91 /* CredentialView.swift */; };
		FF2E7B8127544AF9007A7A91 /* ButtonView.swift in Sources */ = {isa = PBXBuildFile; fileRef = FF2E7B8027544AF9007A7A91 /* ButtonView.swift */; };
		FF2E7B8427544F36007A7A91 /* AppColors.swift in Sources */ = {isa = PBXBuildFile; fileRef = FF2E7B8327544F36007A7A91 /* AppColors.swift */; };
		FF3AB2BE275FC31F00E04FCA /* TransactionsRowView.swift in Sources */ = {isa = PBXBuildFile; fileRef = FF3AB2BD275FC31F00E04FCA /* TransactionsRowView.swift */; };
		FF3AB2C2275FC46200E04FCA /* TransactionsModel.swift in Sources */ = {isa = PBXBuildFile; fileRef = FF3AB2C1275FC46200E04FCA /* TransactionsModel.swift */; };
		FF5BC9562760EC06004B1FAC /* ImageAndNameView.swift in Sources */ = {isa = PBXBuildFile; fileRef = FF5BC9552760EC06004B1FAC /* ImageAndNameView.swift */; };
		FF76C0C72755406600EF2FA1 /* LoginModel.swift in Sources */ = {isa = PBXBuildFile; fileRef = FF76C0C62755406600EF2FA1 /* LoginModel.swift */; };
		FF76C0C92755411200EF2FA1 /* API.swift in Sources */ = {isa = PBXBuildFile; fileRef = FF76C0C82755411200EF2FA1 /* API.swift */; };
		FF76C0CB27554BC100EF2FA1 /* URLs.swift in Sources */ = {isa = PBXBuildFile; fileRef = FF76C0CA27554BC100EF2FA1 /* URLs.swift */; };
		FF76C0CD275637DE00EF2FA1 /* Credentials.swift in Sources */ = {isa = PBXBuildFile; fileRef = FF76C0CC275637DE00EF2FA1 /* Credentials.swift */; };
		FF76C0D02756703F00EF2FA1 /* DuinoTabView.swift in Sources */ = {isa = PBXBuildFile; fileRef = FF76C0CF2756703F00EF2FA1 /* DuinoTabView.swift */; };
		FF76C0D2275670CE00EF2FA1 /* DashboardView.swift in Sources */ = {isa = PBXBuildFile; fileRef = FF76C0D1275670CE00EF2FA1 /* DashboardView.swift */; };
		FF76C0D4275670E000EF2FA1 /* StatisticsView.swift in Sources */ = {isa = PBXBuildFile; fileRef = FF76C0D3275670E000EF2FA1 /* StatisticsView.swift */; };
		FF76C0D82756711500EF2FA1 /* TransactionsView.swift in Sources */ = {isa = PBXBuildFile; fileRef = FF76C0D72756711500EF2FA1 /* TransactionsView.swift */; };
		FF76C0DA27567ACB00EF2FA1 /* Loader.swift in Sources */ = {isa = PBXBuildFile; fileRef = FF76C0D927567ACB00EF2FA1 /* Loader.swift */; };
		FF76C0DC2756C18F00EF2FA1 /* ProfileView.swift in Sources */ = {isa = PBXBuildFile; fileRef = FF76C0DB2756C18F00EF2FA1 /* ProfileView.swift */; };
		FF76C0DE2756C62A00EF2FA1 /* UsernameTextView.swift in Sources */ = {isa = PBXBuildFile; fileRef = FF76C0DD2756C62A00EF2FA1 /* UsernameTextView.swift */; };
		FF9DEAEE275E67A200F3D7AD /* StatisticsModel.swift in Sources */ = {isa = PBXBuildFile; fileRef = FF9DEAED275E67A200F3D7AD /* StatisticsModel.swift */; };
		FF9DEAF0275E9A8D00F3D7AD /* NetHashrateView.swift in Sources */ = {isa = PBXBuildFile; fileRef = FF9DEAEF275E9A8D00F3D7AD /* NetHashrateView.swift */; };
		FF9DEAF2275EB09B00F3D7AD /* ServerView.swift in Sources */ = {isa = PBXBuildFile; fileRef = FF9DEAF1275EB09B00F3D7AD /* ServerView.swift */; };
		FF9DEAF4275EC16D00F3D7AD /* EnergyView.swift in Sources */ = {isa = PBXBuildFile; fileRef = FF9DEAF3275EC16D00F3D7AD /* EnergyView.swift */; };
		FF9DEAF6275EC78500F3D7AD /* RegisteredUsersView.swift in Sources */ = {isa = PBXBuildFile; fileRef = FF9DEAF5275EC78500F3D7AD /* RegisteredUsersView.swift */; };
		FF9DEAF8275ECABC00F3D7AD /* ActiveConnectionsView.swift in Sources */ = {isa = PBXBuildFile; fileRef = FF9DEAF7275ECABC00F3D7AD /* ActiveConnectionsView.swift */; };
		FF9DEAFA275ECDA200F3D7AD /* CurrentDifficultyView.swift in Sources */ = {isa = PBXBuildFile; fileRef = FF9DEAF9275ECDA200F3D7AD /* CurrentDifficultyView.swift */; };
		FF9DEAFC275ED6D900F3D7AD /* TotalMinedView.swift in Sources */ = {isa = PBXBuildFile; fileRef = FF9DEAFB275ED6D800F3D7AD /* TotalMinedView.swift */; };
		FF9DEAFE275EDCCC00F3D7AD /* MinerDistributionView.swift in Sources */ = {isa = PBXBuildFile; fileRef = FF9DEAFD275EDCCC00F3D7AD /* MinerDistributionView.swift */; };
		FFA7242D275426D5001E6440 /* LoginView.swift in Sources */ = {isa = PBXBuildFile; fileRef = FFA7242C275426D5001E6440 /* LoginView.swift */; };
		FFEEE6182752BCDF00CD1E9B /* Duino_CoinApp.swift in Sources */ = {isa = PBXBuildFile; fileRef = FFEEE6172752BCDF00CD1E9B /* Duino_CoinApp.swift */; };
		FFEEE61C2752BCE100CD1E9B /* Assets.xcassets in Resources */ = {isa = PBXBuildFile; fileRef = FFEEE61B2752BCE100CD1E9B /* Assets.xcassets */; };
		FFEEE61F2752BCE100CD1E9B /* Preview Assets.xcassets in Resources */ = {isa = PBXBuildFile; fileRef = FFEEE61E2752BCE100CD1E9B /* Preview Assets.xcassets */; };
		FFEEE6292752BCE100CD1E9B /* Duino_CoinTests.swift in Sources */ = {isa = PBXBuildFile; fileRef = FFEEE6282752BCE100CD1E9B /* Duino_CoinTests.swift */; };
		FFEEE6332752BCE100CD1E9B /* Duino_CoinUITests.swift in Sources */ = {isa = PBXBuildFile; fileRef = FFEEE6322752BCE100CD1E9B /* Duino_CoinUITests.swift */; };
		FFEEE6352752BCE100CD1E9B /* Duino_CoinUITestsLaunchTests.swift in Sources */ = {isa = PBXBuildFile; fileRef = FFEEE6342752BCE100CD1E9B /* Duino_CoinUITestsLaunchTests.swift */; };
/* End PBXBuildFile section */

/* Begin PBXContainerItemProxy section */
		FFEEE6252752BCE100CD1E9B /* PBXContainerItemProxy */ = {
			isa = PBXContainerItemProxy;
			containerPortal = FFEEE60C2752BCDF00CD1E9B /* Project object */;
			proxyType = 1;
			remoteGlobalIDString = FFEEE6132752BCDF00CD1E9B;
			remoteInfo = "Duino-Coin";
		};
		FFEEE62F2752BCE100CD1E9B /* PBXContainerItemProxy */ = {
			isa = PBXContainerItemProxy;
			containerPortal = FFEEE60C2752BCDF00CD1E9B /* Project object */;
			proxyType = 1;
			remoteGlobalIDString = FFEEE6132752BCDF00CD1E9B;
			remoteInfo = "Duino-Coin";
		};
/* End PBXContainerItemProxy section */

/* Begin PBXFileReference section */
		FF23ACB32757D20100E3794D /* QuickStatusView.swift */ = {isa = PBXFileReference; lastKnownFileType = sourcecode.swift; path = QuickStatusView.swift; sourceTree = "<group>"; };
		FF23ACB52758100C00E3794D /* MinersListView.swift */ = {isa = PBXFileReference; lastKnownFileType = sourcecode.swift; path = MinersListView.swift; sourceTree = "<group>"; };
		FF23ACB72759287E00E3794D /* UserDataModel.swift */ = {isa = PBXFileReference; lastKnownFileType = sourcecode.swift; path = UserDataModel.swift; sourceTree = "<group>"; };
		FF23ACBC275A5BFC00E3794D /* DucoPriceModel.swift */ = {isa = PBXFileReference; lastKnownFileType = sourcecode.swift; path = DucoPriceModel.swift; sourceTree = "<group>"; };
		FF23ACC0275A850900E3794D /* DoubleRounder.swift */ = {isa = PBXFileReference; lastKnownFileType = sourcecode.swift; path = DoubleRounder.swift; sourceTree = "<group>"; };
		FF2E7B7A2754334A007A7A91 /* TopLogoView.swift */ = {isa = PBXFileReference; lastKnownFileType = sourcecode.swift; path = TopLogoView.swift; sourceTree = "<group>"; };
		FF2E7B7C27543754007A7A91 /* LoginTextView.swift */ = {isa = PBXFileReference; lastKnownFileType = sourcecode.swift; path = LoginTextView.swift; sourceTree = "<group>"; };
		FF2E7B7E27544088007A7A91 /* CredentialView.swift */ = {isa = PBXFileReference; lastKnownFileType = sourcecode.swift; path = CredentialView.swift; sourceTree = "<group>"; };
		FF2E7B8027544AF9007A7A91 /* ButtonView.swift */ = {isa = PBXFileReference; lastKnownFileType = sourcecode.swift; path = ButtonView.swift; sourceTree = "<group>"; };
		FF2E7B8327544F36007A7A91 /* AppColors.swift */ = {isa = PBXFileReference; lastKnownFileType = sourcecode.swift; path = AppColors.swift; sourceTree = "<group>"; };
		FF2E7B87275471BA007A7A91 /* Info.plist */ = {isa = PBXFileReference; lastKnownFileType = text.plist; path = Info.plist; sourceTree = "<group>"; };
		FF3AB2BD275FC31F00E04FCA /* TransactionsRowView.swift */ = {isa = PBXFileReference; lastKnownFileType = sourcecode.swift; path = TransactionsRowView.swift; sourceTree = "<group>"; };
		FF3AB2C1275FC46200E04FCA /* TransactionsModel.swift */ = {isa = PBXFileReference; lastKnownFileType = sourcecode.swift; path = TransactionsModel.swift; sourceTree = "<group>"; };
		FF5BC9552760EC06004B1FAC /* ImageAndNameView.swift */ = {isa = PBXFileReference; lastKnownFileType = sourcecode.swift; path = ImageAndNameView.swift; sourceTree = "<group>"; };
		FF76C0C62755406600EF2FA1 /* LoginModel.swift */ = {isa = PBXFileReference; lastKnownFileType = sourcecode.swift; path = LoginModel.swift; sourceTree = "<group>"; };
		FF76C0C82755411200EF2FA1 /* API.swift */ = {isa = PBXFileReference; lastKnownFileType = sourcecode.swift; path = API.swift; sourceTree = "<group>"; };
		FF76C0CA27554BC100EF2FA1 /* URLs.swift */ = {isa = PBXFileReference; lastKnownFileType = sourcecode.swift; path = URLs.swift; sourceTree = "<group>"; };
		FF76C0CC275637DE00EF2FA1 /* Credentials.swift */ = {isa = PBXFileReference; lastKnownFileType = sourcecode.swift; path = Credentials.swift; sourceTree = "<group>"; };
		FF76C0CF2756703F00EF2FA1 /* DuinoTabView.swift */ = {isa = PBXFileReference; lastKnownFileType = sourcecode.swift; path = DuinoTabView.swift; sourceTree = "<group>"; };
		FF76C0D1275670CE00EF2FA1 /* DashboardView.swift */ = {isa = PBXFileReference; lastKnownFileType = sourcecode.swift; path = DashboardView.swift; sourceTree = "<group>"; };
		FF76C0D3275670E000EF2FA1 /* StatisticsView.swift */ = {isa = PBXFileReference; lastKnownFileType = sourcecode.swift; path = StatisticsView.swift; sourceTree = "<group>"; };
		FF76C0D72756711500EF2FA1 /* TransactionsView.swift */ = {isa = PBXFileReference; lastKnownFileType = sourcecode.swift; path = TransactionsView.swift; sourceTree = "<group>"; };
		FF76C0D927567ACB00EF2FA1 /* Loader.swift */ = {isa = PBXFileReference; lastKnownFileType = sourcecode.swift; path = Loader.swift; sourceTree = "<group>"; };
		FF76C0DB2756C18F00EF2FA1 /* ProfileView.swift */ = {isa = PBXFileReference; lastKnownFileType = sourcecode.swift; path = ProfileView.swift; sourceTree = "<group>"; };
		FF76C0DD2756C62A00EF2FA1 /* UsernameTextView.swift */ = {isa = PBXFileReference; lastKnownFileType = sourcecode.swift; path = UsernameTextView.swift; sourceTree = "<group>"; };
		FF9DEAED275E67A200F3D7AD /* StatisticsModel.swift */ = {isa = PBXFileReference; lastKnownFileType = sourcecode.swift; path = StatisticsModel.swift; sourceTree = "<group>"; };
		FF9DEAEF275E9A8D00F3D7AD /* NetHashrateView.swift */ = {isa = PBXFileReference; lastKnownFileType = sourcecode.swift; path = NetHashrateView.swift; sourceTree = "<group>"; };
		FF9DEAF1275EB09B00F3D7AD /* ServerView.swift */ = {isa = PBXFileReference; lastKnownFileType = sourcecode.swift; path = ServerView.swift; sourceTree = "<group>"; };
		FF9DEAF3275EC16D00F3D7AD /* EnergyView.swift */ = {isa = PBXFileReference; lastKnownFileType = sourcecode.swift; path = EnergyView.swift; sourceTree = "<group>"; };
		FF9DEAF5275EC78500F3D7AD /* RegisteredUsersView.swift */ = {isa = PBXFileReference; lastKnownFileType = sourcecode.swift; path = RegisteredUsersView.swift; sourceTree = "<group>"; };
		FF9DEAF7275ECABC00F3D7AD /* ActiveConnectionsView.swift */ = {isa = PBXFileReference; lastKnownFileType = sourcecode.swift; path = ActiveConnectionsView.swift; sourceTree = "<group>"; };
		FF9DEAF9275ECDA200F3D7AD /* CurrentDifficultyView.swift */ = {isa = PBXFileReference; lastKnownFileType = sourcecode.swift; path = CurrentDifficultyView.swift; sourceTree = "<group>"; };
		FF9DEAFB275ED6D800F3D7AD /* TotalMinedView.swift */ = {isa = PBXFileReference; lastKnownFileType = sourcecode.swift; path = TotalMinedView.swift; sourceTree = "<group>"; };
		FF9DEAFD275EDCCC00F3D7AD /* MinerDistributionView.swift */ = {isa = PBXFileReference; lastKnownFileType = sourcecode.swift; path = MinerDistributionView.swift; sourceTree = "<group>"; };
		FFA7242C275426D5001E6440 /* LoginView.swift */ = {isa = PBXFileReference; lastKnownFileType = sourcecode.swift; path = LoginView.swift; sourceTree = "<group>"; };
		FFEEE6142752BCDF00CD1E9B /* Duino-Coin.app */ = {isa = PBXFileReference; explicitFileType = wrapper.application; includeInIndex = 0; path = "Duino-Coin.app"; sourceTree = BUILT_PRODUCTS_DIR; };
		FFEEE6172752BCDF00CD1E9B /* Duino_CoinApp.swift */ = {isa = PBXFileReference; lastKnownFileType = sourcecode.swift; path = Duino_CoinApp.swift; sourceTree = "<group>"; };
		FFEEE61B2752BCE100CD1E9B /* Assets.xcassets */ = {isa = PBXFileReference; lastKnownFileType = folder.assetcatalog; path = Assets.xcassets; sourceTree = "<group>"; };
		FFEEE61E2752BCE100CD1E9B /* Preview Assets.xcassets */ = {isa = PBXFileReference; lastKnownFileType = folder.assetcatalog; path = "Preview Assets.xcassets"; sourceTree = "<group>"; };
		FFEEE6242752BCE100CD1E9B /* Duino-CoinTests.xctest */ = {isa = PBXFileReference; explicitFileType = wrapper.cfbundle; includeInIndex = 0; path = "Duino-CoinTests.xctest"; sourceTree = BUILT_PRODUCTS_DIR; };
		FFEEE6282752BCE100CD1E9B /* Duino_CoinTests.swift */ = {isa = PBXFileReference; lastKnownFileType = sourcecode.swift; path = Duino_CoinTests.swift; sourceTree = "<group>"; };
		FFEEE62E2752BCE100CD1E9B /* Duino-CoinUITests.xctest */ = {isa = PBXFileReference; explicitFileType = wrapper.cfbundle; includeInIndex = 0; path = "Duino-CoinUITests.xctest"; sourceTree = BUILT_PRODUCTS_DIR; };
		FFEEE6322752BCE100CD1E9B /* Duino_CoinUITests.swift */ = {isa = PBXFileReference; lastKnownFileType = sourcecode.swift; path = Duino_CoinUITests.swift; sourceTree = "<group>"; };
		FFEEE6342752BCE100CD1E9B /* Duino_CoinUITestsLaunchTests.swift */ = {isa = PBXFileReference; lastKnownFileType = sourcecode.swift; path = Duino_CoinUITestsLaunchTests.swift; sourceTree = "<group>"; };
/* End PBXFileReference section */

/* Begin PBXFrameworksBuildPhase section */
		FFEEE6112752BCDF00CD1E9B /* Frameworks */ = {
			isa = PBXFrameworksBuildPhase;
			buildActionMask = 2147483647;
			files = (
			);
			runOnlyForDeploymentPostprocessing = 0;
		};
		FFEEE6212752BCE100CD1E9B /* Frameworks */ = {
			isa = PBXFrameworksBuildPhase;
			buildActionMask = 2147483647;
			files = (
			);
			runOnlyForDeploymentPostprocessing = 0;
		};
		FFEEE62B2752BCE100CD1E9B /* Frameworks */ = {
			isa = PBXFrameworksBuildPhase;
			buildActionMask = 2147483647;
			files = (
			);
			runOnlyForDeploymentPostprocessing = 0;
		};
/* End PBXFrameworksBuildPhase section */

/* Begin PBXGroup section */
		FF23ACBB27595A7A00E3794D /* ObservableObjects */ = {
			isa = PBXGroup;
			children = (
				FF76C0CC275637DE00EF2FA1 /* Credentials.swift */,
			);
			path = ObservableObjects;
			sourceTree = "<group>";
		};
		FF2E7B8227544F10007A7A91 /* Helper */ = {
			isa = PBXGroup;
			children = (
				FF2E7B8327544F36007A7A91 /* AppColors.swift */,
				FF76C0D927567ACB00EF2FA1 /* Loader.swift */,
				FF23ACC0275A850900E3794D /* DoubleRounder.swift */,
			);
			path = Helper;
			sourceTree = "<group>";
		};
		FF7525CD27658A2800FDA531 /* TopLogoView */ = {
			isa = PBXGroup;
			children = (
				FF2E7B7A2754334A007A7A91 /* TopLogoView.swift */,
			);
			path = TopLogoView;
			sourceTree = "<group>";
		};
		FF76C0CE2756701C00EF2FA1 /* Tab View */ = {
			isa = PBXGroup;
			children = (
				FF76C0CF2756703F00EF2FA1 /* DuinoTabView.swift */,
			);
			path = "Tab View";
			sourceTree = "<group>";
		};
		FFEEE60B2752BCDE00CD1E9B = {
			isa = PBXGroup;
			children = (
				FFEEE6162752BCDF00CD1E9B /* Duino-Coin */,
				FFEEE6272752BCE100CD1E9B /* Duino-CoinTests */,
				FFEEE6312752BCE100CD1E9B /* Duino-CoinUITests */,
				FFEEE6152752BCDF00CD1E9B /* Products */,
			);
			sourceTree = "<group>";
		};
		FFEEE6152752BCDF00CD1E9B /* Products */ = {
			isa = PBXGroup;
			children = (
				FFEEE6142752BCDF00CD1E9B /* Duino-Coin.app */,
				FFEEE6242752BCE100CD1E9B /* Duino-CoinTests.xctest */,
				FFEEE62E2752BCE100CD1E9B /* Duino-CoinUITests.xctest */,
			);
			name = Products;
			sourceTree = "<group>";
		};
		FFEEE6162752BCDF00CD1E9B /* Duino-Coin */ = {
			isa = PBXGroup;
			children = (
				FF2E7B87275471BA007A7A91 /* Info.plist */,
				FFEEE6422752BD9F00CD1E9B /* App */,
				FFEEE6432752BDA300CD1E9B /* Views */,
				FFEEE6412752BD9200CD1E9B /* Models */,
				FF23ACBB27595A7A00E3794D /* ObservableObjects */,
				FFEEE6442752BDAA00CD1E9B /* Network */,
				FF2E7B8227544F10007A7A91 /* Helper */,
				FFEEE6452752BDB400CD1E9B /* URLs */,
				FFEEE61B2752BCE100CD1E9B /* Assets.xcassets */,
				FFEEE61D2752BCE100CD1E9B /* Preview Content */,
			);
			path = "Duino-Coin";
			sourceTree = "<group>";
		};
		FFEEE61D2752BCE100CD1E9B /* Preview Content */ = {
			isa = PBXGroup;
			children = (
				FFEEE61E2752BCE100CD1E9B /* Preview Assets.xcassets */,
			);
			path = "Preview Content";
			sourceTree = "<group>";
		};
		FFEEE6272752BCE100CD1E9B /* Duino-CoinTests */ = {
			isa = PBXGroup;
			children = (
				FFEEE6282752BCE100CD1E9B /* Duino_CoinTests.swift */,
			);
			path = "Duino-CoinTests";
			sourceTree = "<group>";
		};
		FFEEE6312752BCE100CD1E9B /* Duino-CoinUITests */ = {
			isa = PBXGroup;
			children = (
				FFEEE6322752BCE100CD1E9B /* Duino_CoinUITests.swift */,
				FFEEE6342752BCE100CD1E9B /* Duino_CoinUITestsLaunchTests.swift */,
			);
			path = "Duino-CoinUITests";
			sourceTree = "<group>";
		};
		FFEEE6412752BD9200CD1E9B /* Models */ = {
			isa = PBXGroup;
			children = (
				FF76C0C62755406600EF2FA1 /* LoginModel.swift */,
				FF23ACB72759287E00E3794D /* UserDataModel.swift */,
				FF23ACBC275A5BFC00E3794D /* DucoPriceModel.swift */,
				FF9DEAED275E67A200F3D7AD /* StatisticsModel.swift */,
				FF3AB2C1275FC46200E04FCA /* TransactionsModel.swift */,
			);
			path = Models;
			sourceTree = "<group>";
		};
		FFEEE6422752BD9F00CD1E9B /* App */ = {
			isa = PBXGroup;
			children = (
				FFEEE6172752BCDF00CD1E9B /* Duino_CoinApp.swift */,
			);
			path = App;
			sourceTree = "<group>";
		};
		FFEEE6432752BDA300CD1E9B /* Views */ = {
			isa = PBXGroup;
			children = (
				FF7525CD27658A2800FDA531 /* TopLogoView */,
				FFEEE6462752BE0F00CD1E9B /* Login View */,
				FF76C0CE2756701C00EF2FA1 /* Tab View */,
				FFEEE6472752BEFC00CD1E9B /* Dashboard View */,
				FFEEE6482752BF0D00CD1E9B /* Statistics View */,
				FFEEE64A2752BF3A00CD1E9B /* Transactions View */,
				FFEEE6502752C15E00CD1E9B /* Profile View */,
			);
			path = Views;
			sourceTree = "<group>";
		};
		FFEEE6442752BDAA00CD1E9B /* Network */ = {
			isa = PBXGroup;
			children = (
				FF76C0C82755411200EF2FA1 /* API.swift */,
			);
			path = Network;
			sourceTree = "<group>";
		};
		FFEEE6452752BDB400CD1E9B /* URLs */ = {
			isa = PBXGroup;
			children = (
				FF76C0CA27554BC100EF2FA1 /* URLs.swift */,
			);
			path = URLs;
			sourceTree = "<group>";
		};
		FFEEE6462752BE0F00CD1E9B /* Login View */ = {
			isa = PBXGroup;
			children = (
				FFA7242C275426D5001E6440 /* LoginView.swift */,
				FF2E7B7C27543754007A7A91 /* LoginTextView.swift */,
				FF2E7B7E27544088007A7A91 /* CredentialView.swift */,
				FF2E7B8027544AF9007A7A91 /* ButtonView.swift */,
			);
			path = "Login View";
			sourceTree = "<group>";
		};
		FFEEE6472752BEFC00CD1E9B /* Dashboard View */ = {
			isa = PBXGroup;
			children = (
				FF76C0D1275670CE00EF2FA1 /* DashboardView.swift */,
				FF76C0DD2756C62A00EF2FA1 /* UsernameTextView.swift */,
				FF23ACB32757D20100E3794D /* QuickStatusView.swift */,
				FF23ACB52758100C00E3794D /* MinersListView.swift */,
			);
			path = "Dashboard View";
			sourceTree = "<group>";
		};
		FFEEE6482752BF0D00CD1E9B /* Statistics View */ = {
			isa = PBXGroup;
			children = (
				FF76C0D3275670E000EF2FA1 /* StatisticsView.swift */,
				FF9DEAEF275E9A8D00F3D7AD /* NetHashrateView.swift */,
				FF9DEAF1275EB09B00F3D7AD /* ServerView.swift */,
				FF9DEAF3275EC16D00F3D7AD /* EnergyView.swift */,
				FF9DEAF5275EC78500F3D7AD /* RegisteredUsersView.swift */,
				FF9DEAF7275ECABC00F3D7AD /* ActiveConnectionsView.swift */,
				FF9DEAF9275ECDA200F3D7AD /* CurrentDifficultyView.swift */,
				FF9DEAFB275ED6D800F3D7AD /* TotalMinedView.swift */,
				FF9DEAFD275EDCCC00F3D7AD /* MinerDistributionView.swift */,
			);
			path = "Statistics View";
			sourceTree = "<group>";
		};
		FFEEE64A2752BF3A00CD1E9B /* Transactions View */ = {
			isa = PBXGroup;
			children = (
				FF76C0D72756711500EF2FA1 /* TransactionsView.swift */,
				FF3AB2BD275FC31F00E04FCA /* TransactionsRowView.swift */,
			);
			path = "Transactions View";
			sourceTree = "<group>";
		};
		FFEEE6502752C15E00CD1E9B /* Profile View */ = {
			isa = PBXGroup;
			children = (
				FF76C0DB2756C18F00EF2FA1 /* ProfileView.swift */,
				FF5BC9552760EC06004B1FAC /* ImageAndNameView.swift */,
			);
			path = "Profile View";
			sourceTree = "<group>";
		};
/* End PBXGroup section */

/* Begin PBXNativeTarget section */
		FFEEE6132752BCDF00CD1E9B /* Duino-Coin */ = {
			isa = PBXNativeTarget;
			buildConfigurationList = FFEEE6382752BCE100CD1E9B /* Build configuration list for PBXNativeTarget "Duino-Coin" */;
			buildPhases = (
				FFEEE6102752BCDF00CD1E9B /* Sources */,
				FFEEE6112752BCDF00CD1E9B /* Frameworks */,
				FFEEE6122752BCDF00CD1E9B /* Resources */,
			);
			buildRules = (
			);
			dependencies = (
			);
			name = "Duino-Coin";
			packageProductDependencies = (
			);
			productName = "Duino-Coin";
			productReference = FFEEE6142752BCDF00CD1E9B /* Duino-Coin.app */;
			productType = "com.apple.product-type.application";
		};
		FFEEE6232752BCE100CD1E9B /* Duino-CoinTests */ = {
			isa = PBXNativeTarget;
			buildConfigurationList = FFEEE63B2752BCE100CD1E9B /* Build configuration list for PBXNativeTarget "Duino-CoinTests" */;
			buildPhases = (
				FFEEE6202752BCE100CD1E9B /* Sources */,
				FFEEE6212752BCE100CD1E9B /* Frameworks */,
				FFEEE6222752BCE100CD1E9B /* Resources */,
			);
			buildRules = (
			);
			dependencies = (
				FFEEE6262752BCE100CD1E9B /* PBXTargetDependency */,
			);
			name = "Duino-CoinTests";
			productName = "Duino-CoinTests";
			productReference = FFEEE6242752BCE100CD1E9B /* Duino-CoinTests.xctest */;
			productType = "com.apple.product-type.bundle.unit-test";
		};
		FFEEE62D2752BCE100CD1E9B /* Duino-CoinUITests */ = {
			isa = PBXNativeTarget;
			buildConfigurationList = FFEEE63E2752BCE100CD1E9B /* Build configuration list for PBXNativeTarget "Duino-CoinUITests" */;
			buildPhases = (
				FFEEE62A2752BCE100CD1E9B /* Sources */,
				FFEEE62B2752BCE100CD1E9B /* Frameworks */,
				FFEEE62C2752BCE100CD1E9B /* Resources */,
			);
			buildRules = (
			);
			dependencies = (
				FFEEE6302752BCE100CD1E9B /* PBXTargetDependency */,
			);
			name = "Duino-CoinUITests";
			productName = "Duino-CoinUITests";
			productReference = FFEEE62E2752BCE100CD1E9B /* Duino-CoinUITests.xctest */;
			productType = "com.apple.product-type.bundle.ui-testing";
		};
/* End PBXNativeTarget section */

/* Begin PBXProject section */
		FFEEE60C2752BCDF00CD1E9B /* Project object */ = {
			isa = PBXProject;
			attributes = {
				BuildIndependentTargetsInParallel = 1;
				LastSwiftUpdateCheck = 1310;
				LastUpgradeCheck = 1310;
				TargetAttributes = {
					FFEEE6132752BCDF00CD1E9B = {
						CreatedOnToolsVersion = 13.1;
					};
					FFEEE6232752BCE100CD1E9B = {
						CreatedOnToolsVersion = 13.1;
						TestTargetID = FFEEE6132752BCDF00CD1E9B;
					};
					FFEEE62D2752BCE100CD1E9B = {
						CreatedOnToolsVersion = 13.1;
						TestTargetID = FFEEE6132752BCDF00CD1E9B;
					};
				};
			};
			buildConfigurationList = FFEEE60F2752BCDF00CD1E9B /* Build configuration list for PBXProject "Duino-Coin" */;
			compatibilityVersion = "Xcode 13.0";
			developmentRegion = en;
			hasScannedForEncodings = 0;
			knownRegions = (
				en,
				Base,
			);
			mainGroup = FFEEE60B2752BCDE00CD1E9B;
			packageReferences = (
			);
			productRefGroup = FFEEE6152752BCDF00CD1E9B /* Products */;
			projectDirPath = "";
			projectRoot = "";
			targets = (
				FFEEE6132752BCDF00CD1E9B /* Duino-Coin */,
				FFEEE6232752BCE100CD1E9B /* Duino-CoinTests */,
				FFEEE62D2752BCE100CD1E9B /* Duino-CoinUITests */,
			);
		};
/* End PBXProject section */

/* Begin PBXResourcesBuildPhase section */
		FFEEE6122752BCDF00CD1E9B /* Resources */ = {
			isa = PBXResourcesBuildPhase;
			buildActionMask = 2147483647;
			files = (
				FFEEE61F2752BCE100CD1E9B /* Preview Assets.xcassets in Resources */,
				FFEEE61C2752BCE100CD1E9B /* Assets.xcassets in Resources */,
			);
			runOnlyForDeploymentPostprocessing = 0;
		};
		FFEEE6222752BCE100CD1E9B /* Resources */ = {
			isa = PBXResourcesBuildPhase;
			buildActionMask = 2147483647;
			files = (
			);
			runOnlyForDeploymentPostprocessing = 0;
		};
		FFEEE62C2752BCE100CD1E9B /* Resources */ = {
			isa = PBXResourcesBuildPhase;
			buildActionMask = 2147483647;
			files = (
			);
			runOnlyForDeploymentPostprocessing = 0;
		};
/* End PBXResourcesBuildPhase section */

/* Begin PBXSourcesBuildPhase section */
		FFEEE6102752BCDF00CD1E9B /* Sources */ = {
			isa = PBXSourcesBuildPhase;
			buildActionMask = 2147483647;
			files = (
				FF9DEAF2275EB09B00F3D7AD /* ServerView.swift in Sources */,
				FF23ACB42757D20100E3794D /* QuickStatusView.swift in Sources */,
				FF76C0DE2756C62A00EF2FA1 /* UsernameTextView.swift in Sources */,
				FF23ACC1275A850900E3794D /* DoubleRounder.swift in Sources */,
				FF9DEAFC275ED6D900F3D7AD /* TotalMinedView.swift in Sources */,
				FFA7242D275426D5001E6440 /* LoginView.swift in Sources */,
				FF2E7B7D27543754007A7A91 /* LoginTextView.swift in Sources */,
				FF76C0CB27554BC100EF2FA1 /* URLs.swift in Sources */,
				FF9DEAFA275ECDA200F3D7AD /* CurrentDifficultyView.swift in Sources */,
				FF76C0D4275670E000EF2FA1 /* StatisticsView.swift in Sources */,
				FF3AB2C2275FC46200E04FCA /* TransactionsModel.swift in Sources */,
				FF76C0D82756711500EF2FA1 /* TransactionsView.swift in Sources */,
				FF76C0CD275637DE00EF2FA1 /* Credentials.swift in Sources */,
				FF9DEAFE275EDCCC00F3D7AD /* MinerDistributionView.swift in Sources */,
				FFEEE6182752BCDF00CD1E9B /* Duino_CoinApp.swift in Sources */,
				FF9DEAF0275E9A8D00F3D7AD /* NetHashrateView.swift in Sources */,
				FF76C0DA27567ACB00EF2FA1 /* Loader.swift in Sources */,
				FF3AB2BE275FC31F00E04FCA /* TransactionsRowView.swift in Sources */,
				FF9DEAF6275EC78500F3D7AD /* RegisteredUsersView.swift in Sources */,
				FF23ACB62758100C00E3794D /* MinersListView.swift in Sources */,
				FF76C0C92755411200EF2FA1 /* API.swift in Sources */,
				FF76C0DC2756C18F00EF2FA1 /* ProfileView.swift in Sources */,
				FF76C0C72755406600EF2FA1 /* LoginModel.swift in Sources */,
				FF2E7B7B2754334A007A7A91 /* TopLogoView.swift in Sources */,
				FF9DEAF8275ECABC00F3D7AD /* ActiveConnectionsView.swift in Sources */,
				FF23ACBD275A5BFC00E3794D /* DucoPriceModel.swift in Sources */,
				FF9DEAF4275EC16D00F3D7AD /* EnergyView.swift in Sources */,
				FF2E7B8427544F36007A7A91 /* AppColors.swift in Sources */,
				FF2E7B7F27544088007A7A91 /* CredentialView.swift in Sources */,
				FF76C0D02756703F00EF2FA1 /* DuinoTabView.swift in Sources */,
				FF76C0D2275670CE00EF2FA1 /* DashboardView.swift in Sources */,
				FF23ACB82759287E00E3794D /* UserDataModel.swift in Sources */,
				FF5BC9562760EC06004B1FAC /* ImageAndNameView.swift in Sources */,
				FF9DEAEE275E67A200F3D7AD /* StatisticsModel.swift in Sources */,
				FF2E7B8127544AF9007A7A91 /* ButtonView.swift in Sources */,
			);
			runOnlyForDeploymentPostprocessing = 0;
		};
		FFEEE6202752BCE100CD1E9B /* Sources */ = {
			isa = PBXSourcesBuildPhase;
			buildActionMask = 2147483647;
			files = (
				FFEEE6292752BCE100CD1E9B /* Duino_CoinTests.swift in Sources */,
			);
			runOnlyForDeploymentPostprocessing = 0;
		};
		FFEEE62A2752BCE100CD1E9B /* Sources */ = {
			isa = PBXSourcesBuildPhase;
			buildActionMask = 2147483647;
			files = (
				FFEEE6332752BCE100CD1E9B /* Duino_CoinUITests.swift in Sources */,
				FFEEE6352752BCE100CD1E9B /* Duino_CoinUITestsLaunchTests.swift in Sources */,
			);
			runOnlyForDeploymentPostprocessing = 0;
		};
/* End PBXSourcesBuildPhase section */

/* Begin PBXTargetDependency section */
		FFEEE6262752BCE100CD1E9B /* PBXTargetDependency */ = {
			isa = PBXTargetDependency;
			target = FFEEE6132752BCDF00CD1E9B /* Duino-Coin */;
			targetProxy = FFEEE6252752BCE100CD1E9B /* PBXContainerItemProxy */;
		};
		FFEEE6302752BCE100CD1E9B /* PBXTargetDependency */ = {
			isa = PBXTargetDependency;
			target = FFEEE6132752BCDF00CD1E9B /* Duino-Coin */;
			targetProxy = FFEEE62F2752BCE100CD1E9B /* PBXContainerItemProxy */;
		};
/* End PBXTargetDependency section */

/* Begin XCBuildConfiguration section */
		FFEEE6362752BCE100CD1E9B /* Debug */ = {
			isa = XCBuildConfiguration;
			buildSettings = {
				ALWAYS_SEARCH_USER_PATHS = NO;
				CLANG_ANALYZER_NONNULL = YES;
				CLANG_ANALYZER_NUMBER_OBJECT_CONVERSION = YES_AGGRESSIVE;
				CLANG_CXX_LANGUAGE_STANDARD = "gnu++17";
				CLANG_CXX_LIBRARY = "libc++";
				CLANG_ENABLE_MODULES = YES;
				CLANG_ENABLE_OBJC_ARC = YES;
				CLANG_ENABLE_OBJC_WEAK = YES;
				CLANG_WARN_BLOCK_CAPTURE_AUTORELEASING = YES;
				CLANG_WARN_BOOL_CONVERSION = YES;
				CLANG_WARN_COMMA = YES;
				CLANG_WARN_CONSTANT_CONVERSION = YES;
				CLANG_WARN_DEPRECATED_OBJC_IMPLEMENTATIONS = YES;
				CLANG_WARN_DIRECT_OBJC_ISA_USAGE = YES_ERROR;
				CLANG_WARN_DOCUMENTATION_COMMENTS = YES;
				CLANG_WARN_EMPTY_BODY = YES;
				CLANG_WARN_ENUM_CONVERSION = YES;
				CLANG_WARN_INFINITE_RECURSION = YES;
				CLANG_WARN_INT_CONVERSION = YES;
				CLANG_WARN_NON_LITERAL_NULL_CONVERSION = YES;
				CLANG_WARN_OBJC_IMPLICIT_RETAIN_SELF = YES;
				CLANG_WARN_OBJC_LITERAL_CONVERSION = YES;
				CLANG_WARN_OBJC_ROOT_CLASS = YES_ERROR;
				CLANG_WARN_QUOTED_INCLUDE_IN_FRAMEWORK_HEADER = YES;
				CLANG_WARN_RANGE_LOOP_ANALYSIS = YES;
				CLANG_WARN_STRICT_PROTOTYPES = YES;
				CLANG_WARN_SUSPICIOUS_MOVE = YES;
				CLANG_WARN_UNGUARDED_AVAILABILITY = YES_AGGRESSIVE;
				CLANG_WARN_UNREACHABLE_CODE = YES;
				CLANG_WARN__DUPLICATE_METHOD_MATCH = YES;
				COPY_PHASE_STRIP = NO;
				DEBUG_INFORMATION_FORMAT = dwarf;
				ENABLE_STRICT_OBJC_MSGSEND = YES;
				ENABLE_TESTABILITY = YES;
				GCC_C_LANGUAGE_STANDARD = gnu11;
				GCC_DYNAMIC_NO_PIC = NO;
				GCC_NO_COMMON_BLOCKS = YES;
				GCC_OPTIMIZATION_LEVEL = 0;
				GCC_PREPROCESSOR_DEFINITIONS = (
					"DEBUG=1",
					"$(inherited)",
				);
				GCC_WARN_64_TO_32_BIT_CONVERSION = YES;
				GCC_WARN_ABOUT_RETURN_TYPE = YES_ERROR;
				GCC_WARN_UNDECLARED_SELECTOR = YES;
				GCC_WARN_UNINITIALIZED_AUTOS = YES_AGGRESSIVE;
				GCC_WARN_UNUSED_FUNCTION = YES;
				GCC_WARN_UNUSED_VARIABLE = YES;
				IPHONEOS_DEPLOYMENT_TARGET = 15.0;
				MTL_ENABLE_DEBUG_INFO = INCLUDE_SOURCE;
				MTL_FAST_MATH = YES;
				ONLY_ACTIVE_ARCH = YES;
				SDKROOT = iphoneos;
				SWIFT_ACTIVE_COMPILATION_CONDITIONS = DEBUG;
				SWIFT_OPTIMIZATION_LEVEL = "-Onone";
			};
			name = Debug;
		};
		FFEEE6372752BCE100CD1E9B /* Release */ = {
			isa = XCBuildConfiguration;
			buildSettings = {
				ALWAYS_SEARCH_USER_PATHS = NO;
				CLANG_ANALYZER_NONNULL = YES;
				CLANG_ANALYZER_NUMBER_OBJECT_CONVERSION = YES_AGGRESSIVE;
				CLANG_CXX_LANGUAGE_STANDARD = "gnu++17";
				CLANG_CXX_LIBRARY = "libc++";
				CLANG_ENABLE_MODULES = YES;
				CLANG_ENABLE_OBJC_ARC = YES;
				CLANG_ENABLE_OBJC_WEAK = YES;
				CLANG_WARN_BLOCK_CAPTURE_AUTORELEASING = YES;
				CLANG_WARN_BOOL_CONVERSION = YES;
				CLANG_WARN_COMMA = YES;
				CLANG_WARN_CONSTANT_CONVERSION = YES;
				CLANG_WARN_DEPRECATED_OBJC_IMPLEMENTATIONS = YES;
				CLANG_WARN_DIRECT_OBJC_ISA_USAGE = YES_ERROR;
				CLANG_WARN_DOCUMENTATION_COMMENTS = YES;
				CLANG_WARN_EMPTY_BODY = YES;
				CLANG_WARN_ENUM_CONVERSION = YES;
				CLANG_WARN_INFINITE_RECURSION = YES;
				CLANG_WARN_INT_CONVERSION = YES;
				CLANG_WARN_NON_LITERAL_NULL_CONVERSION = YES;
				CLANG_WARN_OBJC_IMPLICIT_RETAIN_SELF = YES;
				CLANG_WARN_OBJC_LITERAL_CONVERSION = YES;
				CLANG_WARN_OBJC_ROOT_CLASS = YES_ERROR;
				CLANG_WARN_QUOTED_INCLUDE_IN_FRAMEWORK_HEADER = YES;
				CLANG_WARN_RANGE_LOOP_ANALYSIS = YES;
				CLANG_WARN_STRICT_PROTOTYPES = YES;
				CLANG_WARN_SUSPICIOUS_MOVE = YES;
				CLANG_WARN_UNGUARDED_AVAILABILITY = YES_AGGRESSIVE;
				CLANG_WARN_UNREACHABLE_CODE = YES;
				CLANG_WARN__DUPLICATE_METHOD_MATCH = YES;
				COPY_PHASE_STRIP = NO;
				DEBUG_INFORMATION_FORMAT = "dwarf-with-dsym";
				ENABLE_NS_ASSERTIONS = NO;
				ENABLE_STRICT_OBJC_MSGSEND = YES;
				GCC_C_LANGUAGE_STANDARD = gnu11;
				GCC_NO_COMMON_BLOCKS = YES;
				GCC_WARN_64_TO_32_BIT_CONVERSION = YES;
				GCC_WARN_ABOUT_RETURN_TYPE = YES_ERROR;
				GCC_WARN_UNDECLARED_SELECTOR = YES;
				GCC_WARN_UNINITIALIZED_AUTOS = YES_AGGRESSIVE;
				GCC_WARN_UNUSED_FUNCTION = YES;
				GCC_WARN_UNUSED_VARIABLE = YES;
				IPHONEOS_DEPLOYMENT_TARGET = 15.0;
				MTL_ENABLE_DEBUG_INFO = NO;
				MTL_FAST_MATH = YES;
				SDKROOT = iphoneos;
				SWIFT_COMPILATION_MODE = wholemodule;
				SWIFT_OPTIMIZATION_LEVEL = "-O";
				VALIDATE_PRODUCT = YES;
			};
			name = Release;
		};
		FFEEE6392752BCE100CD1E9B /* Debug */ = {
			isa = XCBuildConfiguration;
			buildSettings = {
				ASSETCATALOG_COMPILER_APPICON_NAME = AppIcon;
				ASSETCATALOG_COMPILER_GLOBAL_ACCENT_COLOR_NAME = AccentColor;
				CODE_SIGN_STYLE = Automatic;
				CURRENT_PROJECT_VERSION = 1;
				DEVELOPMENT_ASSET_PATHS = "\"Duino-Coin/Preview Content\"";
				DEVELOPMENT_TEAM = 4JWUSF25X2;
				ENABLE_PREVIEWS = YES;
				GENERATE_INFOPLIST_FILE = YES;
				INFOPLIST_FILE = "Duino-Coin/Info.plist";
				INFOPLIST_KEY_UIApplicationSceneManifest_Generation = YES;
				INFOPLIST_KEY_UIApplicationSupportsIndirectInputEvents = YES;
				INFOPLIST_KEY_UISupportedInterfaceOrientations = UIInterfaceOrientationPortrait;
				INFOPLIST_KEY_UISupportedInterfaceOrientations_iPad = "UIInterfaceOrientationPortrait UIInterfaceOrientationPortraitUpsideDown UIInterfaceOrientationLandscapeLeft UIInterfaceOrientationLandscapeRight";
				INFOPLIST_KEY_UISupportedInterfaceOrientations_iPhone = "UIInterfaceOrientationPortrait UIInterfaceOrientationLandscapeLeft UIInterfaceOrientationLandscapeRight";
				INFOPLIST_KEY_UIUserInterfaceStyle = Light;
				IPHONEOS_DEPLOYMENT_TARGET = 15.0;
				LD_RUNPATH_SEARCH_PATHS = (
					"$(inherited)",
					"@executable_path/Frameworks",
				);
				MARKETING_VERSION = 1.0;
				PRODUCT_BUNDLE_IDENTIFIER = com.fahimrahman.DuinoCoin;
				PRODUCT_NAME = "$(TARGET_NAME)";
				SWIFT_EMIT_LOC_STRINGS = YES;
				SWIFT_VERSION = 5.0;
				TARGETED_DEVICE_FAMILY = 1;
			};
			name = Debug;
		};
		FFEEE63A2752BCE100CD1E9B /* Release */ = {
			isa = XCBuildConfiguration;
			buildSettings = {
				ASSETCATALOG_COMPILER_APPICON_NAME = AppIcon;
				ASSETCATALOG_COMPILER_GLOBAL_ACCENT_COLOR_NAME = AccentColor;
				CODE_SIGN_STYLE = Automatic;
				CURRENT_PROJECT_VERSION = 1;
				DEVELOPMENT_ASSET_PATHS = "\"Duino-Coin/Preview Content\"";
				DEVELOPMENT_TEAM = 4JWUSF25X2;
				ENABLE_PREVIEWS = YES;
				GENERATE_INFOPLIST_FILE = YES;
				INFOPLIST_FILE = "Duino-Coin/Info.plist";
				INFOPLIST_KEY_UIApplicationSceneManifest_Generation = YES;
				INFOPLIST_KEY_UIApplicationSupportsIndirectInputEvents = YES;
				INFOPLIST_KEY_UISupportedInterfaceOrientations = UIInterfaceOrientationPortrait;
				INFOPLIST_KEY_UISupportedInterfaceOrientations_iPad = "UIInterfaceOrientationPortrait UIInterfaceOrientationPortraitUpsideDown UIInterfaceOrientationLandscapeLeft UIInterfaceOrientationLandscapeRight";
				INFOPLIST_KEY_UISupportedInterfaceOrientations_iPhone = "UIInterfaceOrientationPortrait UIInterfaceOrientationLandscapeLeft UIInterfaceOrientationLandscapeRight";
				INFOPLIST_KEY_UIUserInterfaceStyle = Light;
				IPHONEOS_DEPLOYMENT_TARGET = 15.0;
				LD_RUNPATH_SEARCH_PATHS = (
					"$(inherited)",
					"@executable_path/Frameworks",
				);
				MARKETING_VERSION = 1.0;
				PRODUCT_BUNDLE_IDENTIFIER = com.fahimrahman.DuinoCoin;
				PRODUCT_NAME = "$(TARGET_NAME)";
				SWIFT_EMIT_LOC_STRINGS = YES;
				SWIFT_VERSION = 5.0;
				TARGETED_DEVICE_FAMILY = 1;
			};
			name = Release;
		};
		FFEEE63C2752BCE100CD1E9B /* Debug */ = {
			isa = XCBuildConfiguration;
			buildSettings = {
				ALWAYS_EMBED_SWIFT_STANDARD_LIBRARIES = YES;
				CODE_SIGN_STYLE = Automatic;
				CURRENT_PROJECT_VERSION = 1;
				DEVELOPMENT_TEAM = 4JWUSF25X2;
				GENERATE_INFOPLIST_FILE = YES;
				IPHONEOS_DEPLOYMENT_TARGET = 15.0;
				LD_RUNPATH_SEARCH_PATHS = (
					"$(inherited)",
					"@executable_path/Frameworks",
					"@loader_path/Frameworks",
				);
				MARKETING_VERSION = 1.0;
				PRODUCT_BUNDLE_IDENTIFIER = "com.fahimrahman.Duino-CoinTests";
				PRODUCT_NAME = "$(TARGET_NAME)";
				SWIFT_EMIT_LOC_STRINGS = NO;
				SWIFT_VERSION = 5.0;
				TARGETED_DEVICE_FAMILY = "1,2";
				TEST_HOST = "$(BUILT_PRODUCTS_DIR)/Duino-Coin.app/Duino-Coin";
			};
			name = Debug;
		};
		FFEEE63D2752BCE100CD1E9B /* Release */ = {
			isa = XCBuildConfiguration;
			buildSettings = {
				ALWAYS_EMBED_SWIFT_STANDARD_LIBRARIES = YES;
				CODE_SIGN_STYLE = Automatic;
				CURRENT_PROJECT_VERSION = 1;
				DEVELOPMENT_TEAM = 4JWUSF25X2;
				GENERATE_INFOPLIST_FILE = YES;
				IPHONEOS_DEPLOYMENT_TARGET = 15.0;
				LD_RUNPATH_SEARCH_PATHS = (
					"$(inherited)",
					"@executable_path/Frameworks",
					"@loader_path/Frameworks",
				);
				MARKETING_VERSION = 1.0;
				PRODUCT_BUNDLE_IDENTIFIER = "com.fahimrahman.Duino-CoinTests";
				PRODUCT_NAME = "$(TARGET_NAME)";
				SWIFT_EMIT_LOC_STRINGS = NO;
				SWIFT_VERSION = 5.0;
				TARGETED_DEVICE_FAMILY = "1,2";
				TEST_HOST = "$(BUILT_PRODUCTS_DIR)/Duino-Coin.app/Duino-Coin";
			};
			name = Release;
		};
		FFEEE63F2752BCE100CD1E9B /* Debug */ = {
			isa = XCBuildConfiguration;
			buildSettings = {
				ALWAYS_EMBED_SWIFT_STANDARD_LIBRARIES = YES;
				CODE_SIGN_STYLE = Automatic;
				CURRENT_PROJECT_VERSION = 1;
				DEVELOPMENT_TEAM = 4JWUSF25X2;
				GENERATE_INFOPLIST_FILE = YES;
				LD_RUNPATH_SEARCH_PATHS = (
					"$(inherited)",
					"@executable_path/Frameworks",
					"@loader_path/Frameworks",
				);
				MARKETING_VERSION = 1.0;
				PRODUCT_BUNDLE_IDENTIFIER = "com.fahimrahman.Duino-CoinUITests";
				PRODUCT_NAME = "$(TARGET_NAME)";
				SWIFT_EMIT_LOC_STRINGS = NO;
				SWIFT_VERSION = 5.0;
				TARGETED_DEVICE_FAMILY = "1,2";
				TEST_TARGET_NAME = "Duino-Coin";
			};
			name = Debug;
		};
		FFEEE6402752BCE100CD1E9B /* Release */ = {
			isa = XCBuildConfiguration;
			buildSettings = {
				ALWAYS_EMBED_SWIFT_STANDARD_LIBRARIES = YES;
				CODE_SIGN_STYLE = Automatic;
				CURRENT_PROJECT_VERSION = 1;
				DEVELOPMENT_TEAM = 4JWUSF25X2;
				GENERATE_INFOPLIST_FILE = YES;
				LD_RUNPATH_SEARCH_PATHS = (
					"$(inherited)",
					"@executable_path/Frameworks",
					"@loader_path/Frameworks",
				);
				MARKETING_VERSION = 1.0;
				PRODUCT_BUNDLE_IDENTIFIER = "com.fahimrahman.Duino-CoinUITests";
				PRODUCT_NAME = "$(TARGET_NAME)";
				SWIFT_EMIT_LOC_STRINGS = NO;
				SWIFT_VERSION = 5.0;
				TARGETED_DEVICE_FAMILY = "1,2";
				TEST_TARGET_NAME = "Duino-Coin";
			};
			name = Release;
		};
/* End XCBuildConfiguration section */

/* Begin XCConfigurationList section */
		FFEEE60F2752BCDF00CD1E9B /* Build configuration list for PBXProject "Duino-Coin" */ = {
			isa = XCConfigurationList;
			buildConfigurations = (
				FFEEE6362752BCE100CD1E9B /* Debug */,
				FFEEE6372752BCE100CD1E9B /* Release */,
			);
			defaultConfigurationIsVisible = 0;
			defaultConfigurationName = Release;
		};
		FFEEE6382752BCE100CD1E9B /* Build configuration list for PBXNativeTarget "Duino-Coin" */ = {
			isa = XCConfigurationList;
			buildConfigurations = (
				FFEEE6392752BCE100CD1E9B /* Debug */,
				FFEEE63A2752BCE100CD1E9B /* Release */,
			);
			defaultConfigurationIsVisible = 0;
			defaultConfigurationName = Release;
		};
		FFEEE63B2752BCE100CD1E9B /* Build configuration list for PBXNativeTarget "Duino-CoinTests" */ = {
			isa = XCConfigurationList;
			buildConfigurations = (
				FFEEE63C2752BCE100CD1E9B /* Debug */,
				FFEEE63D2752BCE100CD1E9B /* Release */,
			);
			defaultConfigurationIsVisible = 0;
			defaultConfigurationName = Release;
		};
		FFEEE63E2752BCE100CD1E9B /* Build configuration list for PBXNativeTarget "Duino-CoinUITests" */ = {
			isa = XCConfigurationList;
			buildConfigurations = (
				FFEEE63F2752BCE100CD1E9B /* Debug */,
				FFEEE6402752BCE100CD1E9B /* Release */,
			);
			defaultConfigurationIsVisible = 0;
			defaultConfigurationName = Release;
		};
/* End XCConfigurationList section */
	};
	rootObject = FFEEE60C2752BCDF00CD1E9B /* Project object */;
}
