{
  "object": {
    "pins": [
      {
        "package": "DataCache",
        "repositoryURL": "https://github.com/huynguyencong/DataCache.git",
        "state": {
          "branch": null,
          "revision": "815bc084bfc97b0f94b6042f40b1485a33bda427",
          "version": "1.6.1"
        }
      }
    ]
  },
  "version": 1
}
